PODS:
  - Alamofire (5.10.2)
  - FileBrowser (1.0.0)
  - GCDWebServer (3.5.4):
    - GCDWebServer/Core (= 3.5.4)
  - GCDWebServer/Core (3.5.4)
  - JLUsefulTools (0.0.5):
    - Alamofire (>= 5.0.0)
    - FileBrowser
    - GCDWebServer
    - RxCocoa
    - RxSwift
    - SnapKit
  - RxCocoa (6.9.0):
    - RxRelay (= 6.9.0)
    - RxSwift (= 6.9.0)
  - RxRelay (6.9.0):
    - RxSwift (= 6.9.0)
  - RxSwift (6.9.0)
  - SnapKit (5.7.1)

DEPENDENCIES:
  - JLUsefulTools (from `../`)
  - RxCocoa
  - RxSwift
  - SnapKit

SPEC REPOS:
  trunk:
    - Alamofire
    - FileBrowser
    - GCDWebServer
    - RxCocoa
    - RxRelay
    - RxSwift
    - SnapKit

EXTERNAL SOURCES:
  JLUsefulTools:
    :path: "../"

SPEC CHECKSUMS:
  Alamofire: 7193b3b92c74a07f85569e1a6c4f4237291e7496
  FileBrowser: 2ca91ff61c9ea09665eb3b8f9e64a7a77e66a0bf
  GCDWebServer: 2c156a56c8226e2d5c0c3f208a3621ccffbe3ce4
  JLUsefulTools: e2557158776252f9b4799db95a52232a322ec7fc
  RxCocoa: ac16414696ae706516be3e1ab00fcce5bdc9be8a
  RxRelay: 6b0c930e5cef57d5fe2032571e5e65b78e3cbdb1
  RxSwift: 31649ace6aceeb422e16ff71c60804f9c3281ed9
  SnapKit: d612e99e678a2d3b95bf60b0705ed0a35c03484a

PODFILE CHECKSUM: 9ecc87a3852ff240452c501af011ad8b0da94e58

COCOAPODS: 1.16.2
